{
  "name": "promo",
  "version": "1.0.0",
  "lockfileVersion": 3,
  "requires": true,
  "packages": {
    "": {
      "name": "promo",
      "version": "1.0.0",
      "license": "ISC",
      "dependencies": {
        "@fontsource/ibm-plex-sans-arabic": "^5.3.0",
        "@fontsource/inter": "^5.3.0",
        "@fontsource/jetbrains-mono": "^5.3.0",
        "@fontsource/noto-naskh-arabic": "^5.3.0",
        "@fontsource/source-serif-4": "^5.3.0",
        "three": "^0.169.0"
      }
    },
    "node_modules/@fontsource/ibm-plex-sans-arabic": {
      "version": "5.3.0",
      "resolved": "https://registry.npmjs.org/@fontsource/ibm-plex-sans-arabic/-/ibm-plex-sans-arabic-5.3.0.tgz",
      "integrity": "sha512-ZZ4g+JDgQY0NqSh4o0MNWU1sHQmtcee1g++aKAwyJvZxnT5y51JXsN1cIXnaQaMd40dcbK6QFYa+Z1LbaiNuqA==",
      "license": "OFL-1.1",
      "funding": {
        "url": "https://github.com/sponsors/ayuhito"
      }
    },
    "node_modules/@fontsource/inter": {
      "version": "5.3.0",
      "resolved": "https://registry.npmjs.org/@fontsource/inter/-/inter-5.3.0.tgz",
      "integrity": "sha512-RofMylZmjlJEfELXeNHFWBRcSs75rGU/6bV2S2jfnvv/3rPXPGe0LgUJTklcHZ9lM4OZmAVFhcJPnACfb91A3g==",
      "license": "OFL-1.1",
      "funding": {
        "url": "https://github.com/sponsors/ayuhito"
      }
    },
    "node_modules/@fontsource/jetbrains-mono": {
      "version": "5.3.0",
      "resolved": "https://registry.npmjs.org/@fontsource/jetbrains-mono/-/jetbrains-mono-5.3.0.tgz",
      "integrity": "sha512-fqDfB5I9f1p1TV486aUgB9t8zP84P0O1FtQR5Ol9vjwPy+S+EIGlVYm1cvj2W5shcZMTg2nZFdVMoH5wFu8a1A==",
      "license": "OFL-1.1",
      "funding": {
        "url": "https://github.com/sponsors/ayuhito"
      }
    },
    "node_modules/@fontsource/noto-naskh-arabic": {
      "version": "5.3.0",
      "resolved": "https://registry.npmjs.org/@fontsource/noto-naskh-arabic/-/noto-naskh-arabic-5.3.0.tgz",
      "integrity": "sha512-S/GDgQ6mh/PKo4mz5+eXNYbEarvpI7yh6eCdOz8tTVbeM7+OUiacIEscaYEibr/+egDtGbO2ZB00sjy1bJC1kQ==",
      "license": "OFL-1.1",
      "funding": {
        "url": "https://github.com/sponsors/ayuhito"
      }
    },
    "node_modules/@fontsource/source-serif-4": {
      "version": "5.3.0",
      "resolved": "https://registry.npmjs.org/@fontsource/source-serif-4/-/source-serif-4-5.3.0.tgz",
      "integrity": "sha512-yQz8xmIgMzks8zQbpuca3UYtjxK798XCyQAGdDXmzBgvV7sdoK6d0YvE9F9kiYxORCEMRBgGZDZsSYcXj5KvwA==",
      "license": "OFL-1.1",
      "funding": {
        "url": "https://github.com/sponsors/ayuhito"
      }
    },
    "node_modules/three": {
      "version": "0.169.0",
      "resolved": "https://registry.npmjs.org/three/-/three-0.169.0.tgz",
      "integrity": "sha512-Ed906MA3dR4TS5riErd4QBsRGPcx+HBDX2O5yYE5GqJeFQTPU+M56Va/f/Oph9X7uZo3W3o4l2ZhBZ6f6qUv0w==",
      "license": "MIT"
    }
  }
}
